<Solution>
  <Folder Name="/tests/">
    <Project Path="tests/Business.Tests/Business.Tests.csproj" />
  </Folder>
  <Project Path="Business/Business.csproj" Id="d67cefe3-bb14-46b3-b4fd-d7b1ba0c81a4" />
  <Project Path="DataAccess/DataAccess.csproj" Id="4f3d0552-9c96-4ae5-b70e-d261d198532e" />
  <Project Path="Api/Api.csproj" />
</Solution>
